
Microsoft Visual Studio Solution File, Format Version 12.00
# Visual Studio Version 16
VisualStudioVersion = 16.0.810.21
MinimumVisualStudioVersion = 10.0.40219.1
Project("{FAE04EC0-301F-11D3-BF4B-00C04F79EFBC}") = "tcs_sample1", "tcs_sample1\tcs_sample1.csproj", "{89C58049-54D6-43FE-9B12-E9CC49E015EB}"
EndProject
Project("{FAE04EC0-301F-11D3-BF4B-00C04F79EFBC}") = "tcs_test", "tcs_test\tcs_test.csproj", "{4DF73D7B-98A2-4EEB-A937-EF20E411A41E}"
EndProject
Global
	GlobalSection(SolutionConfigurationPlatforms) = preSolution
		Debug|Any CPU = Debug|Any CPU
		Release|Any CPU = Release|Any CPU
	EndGlobalSection
	GlobalSection(ProjectConfigurationPlatforms) = postSolution
		{89C58049-54D6-43FE-9B12-E9CC49E015EB}.Debug|Any CPU.ActiveCfg = Debug|Any CPU
		{89C58049-54D6-43FE-9B12-E9CC49E015EB}.Debug|Any CPU.Build.0 = Debug|Any CPU
		{89C58049-54D6-43FE-9B12-E9CC49E015EB}.Release|Any CPU.ActiveCfg = Release|Any CPU
		{89C58049-54D6-43FE-9B12-E9CC49E015EB}.Release|Any CPU.Build.0 = Release|Any CPU
		{4DF73D7B-98A2-4EEB-A937-EF20E411A41E}.Debug|Any CPU.ActiveCfg = Debug|Any CPU
		{4DF73D7B-98A2-4EEB-A937-EF20E411A41E}.Debug|Any CPU.Build.0 = Debug|Any CPU
		{4DF73D7B-98A2-4EEB-A937-EF20E411A41E}.Release|Any CPU.ActiveCfg = Release|Any CPU
		{4DF73D7B-98A2-4EEB-A937-EF20E411A41E}.Release|Any CPU.Build.0 = Release|Any CPU
	EndGlobalSection
	GlobalSection(SolutionProperties) = preSolution
		HideSolutionNode = FALSE
	EndGlobalSection
	GlobalSection(ExtensibilityGlobals) = postSolution
		SolutionGuid = {8AF93F1E-6FCA-4BCF-BFAB-3D374E5D252A}
	EndGlobalSection
EndGlobal
